
Microsoft Visual Studio Solution File, Format Version 12.00
# Visual Studio Version 18
VisualStudioVersion = 18.11.12217.175
MinimumVisualStudioVersion = 10.0.40219.1
Project("{FAE04EC0-301F-11D3-BF4B-00C04F79EFBC}") = "Addierer", "Addierer\Addierer.csproj", "{FD6649A0-CBEA-4CA7-A361-BFA9EF82A658}"
EndProject
Project("{FAE04EC0-301F-11D3-BF4B-00C04F79EFBC}") = "Anzahl_Sekunden_eines_Monats", "Anzahl_Sekunden_eines_Monats\Anzahl_Sekunden_eines_Monats.csproj", "{98CA2BBB-C188-4C61-9D2B-1FFEBEFA4E9A}"
EndProject
Project("{FAE04EC0-301F-11D3-BF4B-00C04F79EFBC}") = "Flussdiagramm_inplementieren", "Flussdiagramm_inplementieren\Flussdiagramm_inplementieren.csproj", "{8B6E7BC9-6A55-41DD-A3E8-A4389D57EB16}"
EndProject
Project("{FAE04EC0-301F-11D3-BF4B-00C04F79EFBC}") = "Monatsnamen", "Monatsnamen\Monatsnamen.csproj", "{1D8167E0-1A6B-4552-BAC1-6F0BA4BB7EC5}"
EndProject
Project("{FAE04EC0-301F-11D3-BF4B-00C04F79EFBC}") = "Flussdiagramm inplementieren (2)", "Flussdiagramm inplementieren (2)\Flussdiagramm inplementieren (2).csproj", "{82AE6B4C-72B9-4DDF-87AE-10526B8A0016}"
EndProject
Project("{FAE04EC0-301F-11D3-BF4B-00C04F79EFBC}") = "kleines_1x1", "kleines_1x1\kleines_1x1.csproj", "{89066F62-AB6D-43F5-B0AE-069E07D30661}"
EndProject
Global
	GlobalSection(SolutionConfigurationPlatforms) = preSolution
		Debug|Any CPU = Debug|Any CPU
		Release|Any CPU = Release|Any CPU
	EndGlobalSection
	GlobalSection(ProjectConfigurationPlatforms) = postSolution
		{FD6649A0-CBEA-4CA7-A361-BFA9EF82A658}.Debug|Any CPU.ActiveCfg = Debug|Any CPU
		{FD6649A0-CBEA-4CA7-A361-BFA9EF82A658}.Debug|Any CPU.Build.0 = Debug|Any CPU
		{FD6649A0-CBEA-4CA7-A361-BFA9EF82A658}.Release|Any CPU.ActiveCfg = Release|Any CPU
		{FD6649A0-CBEA-4CA7-A361-BFA9EF82A658}.Release|Any CPU.Build.0 = Release|Any CPU
		{98CA2BBB-C188-4C61-9D2B-1FFEBEFA4E9A}.Debug|Any CPU.ActiveCfg = Debug|Any CPU
		{98CA2BBB-C188-4C61-9D2B-1FFEBEFA4E9A}.Debug|Any CPU.Build.0 = Debug|Any CPU
		{98CA2BBB-C188-4C61-9D2B-1FFEBEFA4E9A}.Release|Any CPU.ActiveCfg = Release|Any CPU
		{98CA2BBB-C188-4C61-9D2B-1FFEBEFA4E9A}.Release|Any CPU.Build.0 = Release|Any CPU
		{8B6E7BC9-6A55-41DD-A3E8-A4389D57EB16}.Debug|Any CPU.ActiveCfg = Debug|Any CPU
		{8B6E7BC9-6A55-41DD-A3E8-A4389D57EB16}.Debug|Any CPU.Build.0 = Debug|Any CPU
		{8B6E7BC9-6A55-41DD-A3E8-A4389D57EB16}.Release|Any CPU.ActiveCfg = Release|Any CPU
		{8B6E7BC9-6A55-41DD-A3E8-A4389D57EB16}.Release|Any CPU.Build.0 = Release|Any CPU
		{1D8167E0-1A6B-4552-BAC1-6F0BA4BB7EC5}.Debug|Any CPU.ActiveCfg = Debug|Any CPU
		{1D8167E0-1A6B-4552-BAC1-6F0BA4BB7EC5}.Debug|Any CPU.Build.0 = Debug|Any CPU
		{1D8167E0-1A6B-4552-BAC1-6F0BA4BB7EC5}.Release|Any CPU.ActiveCfg = Release|Any CPU
		{1D8167E0-1A6B-4552-BAC1-6F0BA4BB7EC5}.Release|Any CPU.Build.0 = Release|Any CPU
		{82AE6B4C-72B9-4DDF-87AE-10526B8A0016}.Debug|Any CPU.ActiveCfg = Debug|Any CPU
		{82AE6B4C-72B9-4DDF-87AE-10526B8A0016}.Debug|Any CPU.Build.0 = Debug|Any CPU
		{82AE6B4C-72B9-4DDF-87AE-10526B8A0016}.Release|Any CPU.ActiveCfg = Release|Any CPU
		{82AE6B4C-72B9-4DDF-87AE-10526B8A0016}.Release|Any CPU.Build.0 = Release|Any CPU
		{89066F62-AB6D-43F5-B0AE-069E07D30661}.Debug|Any CPU.ActiveCfg = Debug|Any CPU
		{89066F62-AB6D-43F5-B0AE-069E07D30661}.Debug|Any CPU.Build.0 = Debug|Any CPU
		{89066F62-AB6D-43F5-B0AE-069E07D30661}.Release|Any CPU.ActiveCfg = Release|Any CPU
		{89066F62-AB6D-43F5-B0AE-069E07D30661}.Release|Any CPU.Build.0 = Release|Any CPU
	EndGlobalSection
	GlobalSection(SolutionProperties) = preSolution
		HideSolutionNode = FALSE
	EndGlobalSection
	GlobalSection(ExtensibilityGlobals) = postSolution
		SolutionGuid = {3FAF729E-8245-415F-A066-A758132E98AC}
	EndGlobalSection
EndGlobal
